
Microsoft Visual Studio Solution File, Format Version 12.00
# Visual Studio 2013
VisualStudioVersion = 12.0.21005.1
MinimumVisualStudioVersion = 10.0.40219.1
Project("{FAE04EC0-301F-11D3-BF4B-00C04F79EFBC}") = "CustomerLogger", "CustomerLogger\CustomerLogger.csproj", "{53E02A5C-4F4F-4E02-B56D-2D34ABB4AF37}"
EndProject
Global
	GlobalSection(SolutionConfigurationPlatforms) = preSolution
		Debug|Any CPU = Debug|Any CPU
		Release|Any CPU = Release|Any CPU
	EndGlobalSection
	GlobalSection(ProjectConfigurationPlatforms) = postSolution
		{53E02A5C-4F4F-4E02-B56D-2D34ABB4AF37}.Debug|Any CPU.ActiveCfg = Debug|Any CPU
		{53E02A5C-4F4F-4E02-B56D-2D34ABB4AF37}.Debug|Any CPU.Build.0 = Debug|Any CPU
		{53E02A5C-4F4F-4E02-B56D-2D34ABB4AF37}.Release|Any CPU.ActiveCfg = Release|Any CPU
		{53E02A5C-4F4F-4E02-B56D-2D34ABB4AF37}.Release|Any CPU.Build.0 = Release|Any CPU
	EndGlobalSection
	GlobalSection(SolutionProperties) = preSolution
		HideSolutionNode = FALSE
	EndGlobalSection
EndGlobal
