
Microsoft Visual Studio Solution File, Format Version 12.00
# Visual Studio 15
VisualStudioVersion = 15.0.28307.489
MinimumVisualStudioVersion = 10.0.40219.1
Project("{FAE04EC0-301F-11D3-BF4B-00C04F79EFBC}") = "CustomerLogger", "CustomerLogger\CustomerLogger.csproj", "{53E02A5C-4F4F-4E02-B56D-2D34ABB4AF37}"
EndProject
Project("{2150E333-8FDC-42A3-9474-1A3956D46DE8}") = "Solution Items", "Solution Items", "{270AE0DE-FBD3-4B4A-9F9B-80F076DD16F8}"
	ProjectSection(SolutionItems) = preProject
		.editorconfig = .editorconfig
	EndProjectSection
EndProject
Global
	GlobalSection(SolutionConfigurationPlatforms) = preSolution
		Debug|Any CPU = Debug|Any CPU
		Release|Any CPU = Release|Any CPU
	EndGlobalSection
	GlobalSection(ProjectConfigurationPlatforms) = postSolution
		{53E02A5C-4F4F-4E02-B56D-2D34ABB4AF37}.Debug|Any CPU.ActiveCfg = Debug|Any CPU
		{53E02A5C-4F4F-4E02-B56D-2D34ABB4AF37}.Debug|Any CPU.Build.0 = Debug|Any CPU
		{53E02A5C-4F4F-4E02-B56D-2D34ABB4AF37}.Release|Any CPU.ActiveCfg = Release|Any CPU
		{53E02A5C-4F4F-4E02-B56D-2D34ABB4AF37}.Release|Any CPU.Build.0 = Release|Any CPU
	EndGlobalSection
	GlobalSection(SolutionProperties) = preSolution
		HideSolutionNode = FALSE
	EndGlobalSection
	GlobalSection(ExtensibilityGlobals) = postSolution
		SolutionGuid = {E5C75DF8-5182-4AAC-A03F-F9CC24361227}
	EndGlobalSection
EndGlobal
