
Microsoft Visual Studio Solution File, Format Version 12.00
# Visual Studio 2013
VisualStudioVersion = 12.0.21005.1
MinimumVisualStudioVersion = 10.0.40219.1
Project("{6141683F-8A12-4E36-9623-2EB02B2C2303}") = "CustomerLoggerInstaller", "CustomerLoggerInstaller\CustomerLoggerInstaller.isproj", "{7B338DFF-BB9A-4F14-A5E8-169913A67DB5}"
EndProject
Global
	GlobalSection(SolutionConfigurationPlatforms) = preSolution
		CD_ROM|Default = CD_ROM|Default
		DVD-5|Default = DVD-5|Default
		SingleImage|Default = SingleImage|Default
	EndGlobalSection
	GlobalSection(ProjectConfigurationPlatforms) = postSolution
		{7B338DFF-BB9A-4F14-A5E8-169913A67DB5}.CD_ROM|Default.ActiveCfg = CD_ROM
		{7B338DFF-BB9A-4F14-A5E8-169913A67DB5}.CD_ROM|Default.Build.0 = CD_ROM
		{7B338DFF-BB9A-4F14-A5E8-169913A67DB5}.DVD-5|Default.ActiveCfg = DVD-5
		{7B338DFF-BB9A-4F14-A5E8-169913A67DB5}.DVD-5|Default.Build.0 = DVD-5
		{7B338DFF-BB9A-4F14-A5E8-169913A67DB5}.SingleImage|Default.ActiveCfg = SingleImage
		{7B338DFF-BB9A-4F14-A5E8-169913A67DB5}.SingleImage|Default.Build.0 = SingleImage
	EndGlobalSection
	GlobalSection(SolutionProperties) = preSolution
		HideSolutionNode = FALSE
	EndGlobalSection
EndGlobal
